
Microsoft Visual Studio Solution File, Format Version 12.00
# Visual Studio Version 16
VisualStudioVersion = 16.0.30204.135
MinimumVisualStudioVersion = 10.0.40219.1
Project("{FAE04EC0-301F-11D3-BF4B-00C04F79EFBC}") = "Lab01", "Lab01\Lab01.csproj", "{D6251A79-16F8-4742-9985-F7232305D619}"
EndProject
Project("{FAE04EC0-301F-11D3-BF4B-00C04F79EFBC}") = "Lab07", "Lab07\Lab07.csproj", "{A0D6E973-A2B8-463C-A817-9FFD74E2BAF8}"
EndProject
Project("{FAE04EC0-301F-11D3-BF4B-00C04F79EFBC}") = "Lab08", "Lab08\Lab08.csproj", "{BDEF9B14-40A9-4ADC-B3BD-4A10272DDA07}"
EndProject
Project("{FAE04EC0-301F-11D3-BF4B-00C04F79EFBC}") = "Lab02", "Lab02\Lab02.csproj", "{F54F80E5-F3A5-456E-837B-5E21D12538C4}"
EndProject
Project("{FAE04EC0-301F-11D3-BF4B-00C04F79EFBC}") = "Lab03-1", "Lab03-1\Lab03-1.csproj", "{E6698FBE-F566-475B-9D24-596B946B190D}"
EndProject
Global
	GlobalSection(SolutionConfigurationPlatforms) = preSolution
		Debug|Any CPU = Debug|Any CPU
		Release|Any CPU = Release|Any CPU
	EndGlobalSection
	GlobalSection(ProjectConfigurationPlatforms) = postSolution
		{D6251A79-16F8-4742-9985-F7232305D619}.Debug|Any CPU.ActiveCfg = Debug|Any CPU
		{D6251A79-16F8-4742-9985-F7232305D619}.Debug|Any CPU.Build.0 = Debug|Any CPU
		{D6251A79-16F8-4742-9985-F7232305D619}.Release|Any CPU.ActiveCfg = Release|Any CPU
		{D6251A79-16F8-4742-9985-F7232305D619}.Release|Any CPU.Build.0 = Release|Any CPU
		{A0D6E973-A2B8-463C-A817-9FFD74E2BAF8}.Debug|Any CPU.ActiveCfg = Debug|Any CPU
		{A0D6E973-A2B8-463C-A817-9FFD74E2BAF8}.Debug|Any CPU.Build.0 = Debug|Any CPU
		{A0D6E973-A2B8-463C-A817-9FFD74E2BAF8}.Release|Any CPU.ActiveCfg = Release|Any CPU
		{A0D6E973-A2B8-463C-A817-9FFD74E2BAF8}.Release|Any CPU.Build.0 = Release|Any CPU
		{BDEF9B14-40A9-4ADC-B3BD-4A10272DDA07}.Debug|Any CPU.ActiveCfg = Debug|Any CPU
		{BDEF9B14-40A9-4ADC-B3BD-4A10272DDA07}.Debug|Any CPU.Build.0 = Debug|Any CPU
		{BDEF9B14-40A9-4ADC-B3BD-4A10272DDA07}.Release|Any CPU.ActiveCfg = Release|Any CPU
		{BDEF9B14-40A9-4ADC-B3BD-4A10272DDA07}.Release|Any CPU.Build.0 = Release|Any CPU
		{F54F80E5-F3A5-456E-837B-5E21D12538C4}.Debug|Any CPU.ActiveCfg = Debug|Any CPU
		{F54F80E5-F3A5-456E-837B-5E21D12538C4}.Debug|Any CPU.Build.0 = Debug|Any CPU
		{F54F80E5-F3A5-456E-837B-5E21D12538C4}.Release|Any CPU.ActiveCfg = Release|Any CPU
		{F54F80E5-F3A5-456E-837B-5E21D12538C4}.Release|Any CPU.Build.0 = Release|Any CPU
		{E6698FBE-F566-475B-9D24-596B946B190D}.Debug|Any CPU.ActiveCfg = Debug|Any CPU
		{E6698FBE-F566-475B-9D24-596B946B190D}.Debug|Any CPU.Build.0 = Debug|Any CPU
		{E6698FBE-F566-475B-9D24-596B946B190D}.Release|Any CPU.ActiveCfg = Release|Any CPU
		{E6698FBE-F566-475B-9D24-596B946B190D}.Release|Any CPU.Build.0 = Release|Any CPU
	EndGlobalSection
	GlobalSection(SolutionProperties) = preSolution
		HideSolutionNode = FALSE
	EndGlobalSection
	GlobalSection(ExtensibilityGlobals) = postSolution
		SolutionGuid = {BE30B819-1131-4BE3-837F-1C61EB1CFCFC}
	EndGlobalSection
EndGlobal
